// !$*UTF8*$!
{
	archiveVersion = 1;
	classes = {
	};
	objectVersion = 50;
	objects = {

/* Begin PBXBuildFile section */
		04A0DA822292D71D005F02F3 /* CurrentPositionView.swift in Sources */ = {isa = PBXBuildFile; fileRef = 04A0DA812292D71D005F02F3 /* CurrentPositionView.swift */; };
		04A0DA842292D72B005F02F3 /* CurrentPositionView.xib in Resources */ = {isa = PBXBuildFile; fileRef = 04A0DA832292D72B005F02F3 /* CurrentPositionView.xib */; };
		04A0DA872292E03A005F02F3 /* AddressTableViewCell.swift in Sources */ = {isa = PBXBuildFile; fileRef = 04A0DA852292E03A005F02F3 /* AddressTableViewCell.swift */; };
		04A0DA882292E03A005F02F3 /* AddressTableViewCell.xib in Resources */ = {isa = PBXBuildFile; fileRef = 04A0DA862292E03A005F02F3 /* AddressTableViewCell.xib */; };
		04A0DA8A229387F0005F02F3 /* AddNewAddressViewController.swift in Sources */ = {isa = PBXBuildFile; fileRef = 04A0DA89229387F0005F02F3 /* AddNewAddressViewController.swift */; };
		04A0DA8C22938857005F02F3 /* NewAddressView.swift in Sources */ = {isa = PBXBuildFile; fileRef = 04A0DA8B22938857005F02F3 /* NewAddressView.swift */; };
		04A0DA8E22938871005F02F3 /* NewAddressView.xib in Resources */ = {isa = PBXBuildFile; fileRef = 04A0DA8D22938871005F02F3 /* NewAddressView.xib */; };
		04A0DA9322939ED8005F02F3 /* ShoppingCartViewController.swift in Sources */ = {isa = PBXBuildFile; fileRef = 04A0DA9222939ED8005F02F3 /* ShoppingCartViewController.swift */; };
		04A0DA9622939F7E005F02F3 /* ShoppingCartCell.swift in Sources */ = {isa = PBXBuildFile; fileRef = 04A0DA9422939F7E005F02F3 /* ShoppingCartCell.swift */; };
		04A0DA9722939F7E005F02F3 /* ShoppingCartCell.xib in Resources */ = {isa = PBXBuildFile; fileRef = 04A0DA9522939F7E005F02F3 /* ShoppingCartCell.xib */; };
		04A0DA992293E368005F02F3 /* OrderTopView.swift in Sources */ = {isa = PBXBuildFile; fileRef = 04A0DA982293E368005F02F3 /* OrderTopView.swift */; };
		04A0DA9C2293EB82005F02F3 /* OrderTableViewCell.swift in Sources */ = {isa = PBXBuildFile; fileRef = 04A0DA9A2293EB82005F02F3 /* OrderTableViewCell.swift */; };
		04A0DA9D2293EB82005F02F3 /* OrderTableViewCell.xib in Resources */ = {isa = PBXBuildFile; fileRef = 04A0DA9B2293EB82005F02F3 /* OrderTableViewCell.xib */; };
		04F5265E228D3E940019417D /* AppDelegate.swift in Sources */ = {isa = PBXBuildFile; fileRef = 04F5265D228D3E940019417D /* AppDelegate.swift */; };
		04F52660228D3E940019417D /* HomeViewController.swift in Sources */ = {isa = PBXBuildFile; fileRef = 04F5265F228D3E940019417D /* HomeViewController.swift */; };
		04F52663228D3E940019417D /* Main.storyboard in Resources */ = {isa = PBXBuildFile; fileRef = 04F52661228D3E940019417D /* Main.storyboard */; };
		04F52665228D3E950019417D /* Assets.xcassets in Resources */ = {isa = PBXBuildFile; fileRef = 04F52664228D3E950019417D /* Assets.xcassets */; };
		04F52668228D3E950019417D /* LaunchScreen.storyboard in Resources */ = {isa = PBXBuildFile; fileRef = 04F52666228D3E950019417D /* LaunchScreen.storyboard */; };
		04F5268D228D5A260019417D /* Common.swift in Sources */ = {isa = PBXBuildFile; fileRef = 04F5268C228D5A260019417D /* Common.swift */; };
		04F5268F228D5A2C0019417D /* UIColor+HexColor.swift in Sources */ = {isa = PBXBuildFile; fileRef = 04F5268E228D5A2C0019417D /* UIColor+HexColor.swift */; };
		04F52692228D694B0019417D /* BasicNavigationController.swift in Sources */ = {isa = PBXBuildFile; fileRef = 04F52691228D694B0019417D /* BasicNavigationController.swift */; };
		04F52695228D6CAF0019417D /* OrderViewController.swift in Sources */ = {isa = PBXBuildFile; fileRef = 04F52694228D6CAF0019417D /* OrderViewController.swift */; };
		04F52697228D6CE70019417D /* MeViewController.swift in Sources */ = {isa = PBXBuildFile; fileRef = 04F52696228D6CE70019417D /* MeViewController.swift */; };
		04F52699228D6D510019417D /* TabBarViewController.swift in Sources */ = {isa = PBXBuildFile; fileRef = 04F52698228D6D510019417D /* TabBarViewController.swift */; };
		04F526AF228EB8AF0019417D /* StoreTableViewCell.swift in Sources */ = {isa = PBXBuildFile; fileRef = 04F526AD228EB8AF0019417D /* StoreTableViewCell.swift */; };
		04F526B0228EB8AF0019417D /* StoreTableViewCell.xib in Resources */ = {isa = PBXBuildFile; fileRef = 04F526AE228EB8AF0019417D /* StoreTableViewCell.xib */; };
		04F526B2228EBEAE0019417D /* DiscountView.swift in Sources */ = {isa = PBXBuildFile; fileRef = 04F526B1228EBEAE0019417D /* DiscountView.swift */; };
		04F526B4228EBEC90019417D /* DiscountView.xib in Resources */ = {isa = PBXBuildFile; fileRef = 04F526B3228EBEC90019417D /* DiscountView.xib */; };
		04F526B6228EC7870019417D /* NibloadProtocol.swift in Sources */ = {isa = PBXBuildFile; fileRef = 04F526B5228EC7870019417D /* NibloadProtocol.swift */; };
		0A5EBCC22292AEEF00AA414F /* FAPIServices.swift in Sources */ = {isa = PBXBuildFile; fileRef = 0A5EBCC12292AEEF00AA414F /* FAPIServices.swift */; };
		0A5EBCC42292AFB400AA414F /* Global.swift in Sources */ = {isa = PBXBuildFile; fileRef = 0A5EBCC32292AFB400AA414F /* Global.swift */; };
		0A5EBCC62292B2E600AA414F /* FAPIResponseModels.swift in Sources */ = {isa = PBXBuildFile; fileRef = 0A5EBCC52292B2E600AA414F /* FAPIResponseModels.swift */; };
		0A5EBCC82292BA7D00AA414F /* FAPIToken.swift in Sources */ = {isa = PBXBuildFile; fileRef = 0A5EBCC72292BA7D00AA414F /* FAPIToken.swift */; };
		0A5EBCCA2292BAC900AA414F /* FAPIUserServices.swift in Sources */ = {isa = PBXBuildFile; fileRef = 0A5EBCC92292BAC900AA414F /* FAPIUserServices.swift */; };
		0A5EBCCC2292BB3800AA414F /* FAPIUser.swift in Sources */ = {isa = PBXBuildFile; fileRef = 0A5EBCCB2292BB3800AA414F /* FAPIUser.swift */; };
		0A5EBCD22292CE5200AA414F /* ChooseAddressViewController.swift in Sources */ = {isa = PBXBuildFile; fileRef = 0A5EBCCF2292CE5200AA414F /* ChooseAddressViewController.swift */; };
		0A5EBCD32292CE5200AA414F /* AddressHeaderView.swift in Sources */ = {isa = PBXBuildFile; fileRef = 0A5EBCD12292CE5200AA414F /* AddressHeaderView.swift */; };
		0A5EBCD62292CE5F00AA414F /* SectionHeaderView.swift in Sources */ = {isa = PBXBuildFile; fileRef = 0A5EBCD42292CE5F00AA414F /* SectionHeaderView.swift */; };
		0A5EBCD72292CE5F00AA414F /* SectionHeaderView.xib in Resources */ = {isa = PBXBuildFile; fileRef = 0A5EBCD52292CE5F00AA414F /* SectionHeaderView.xib */; };
		8D90AE1028C168F0E1941D07 /* Pods_ZhenMeiWei.framework in Frameworks */ = {isa = PBXBuildFile; fileRef = 3AE908EB8A3AD3F6212B1758 /* Pods_ZhenMeiWei.framework */; };
/* End PBXBuildFile section */

/* Begin PBXFileReference section */
		01E9C21BCA49D8998814A08A /* Pods_ZhenMeiWeiTests.framework */ = {isa = PBXFileReference; explicitFileType = wrapper.framework; includeInIndex = 0; path = Pods_ZhenMeiWeiTests.framework; sourceTree = BUILT_PRODUCTS_DIR; };
		04A0DA812292D71D005F02F3 /* CurrentPositionView.swift */ = {isa = PBXFileReference; lastKnownFileType = sourcecode.swift; path = CurrentPositionView.swift; sourceTree = "<group>"; };
		04A0DA832292D72B005F02F3 /* CurrentPositionView.xib */ = {isa = PBXFileReference; lastKnownFileType = file.xib; path = CurrentPositionView.xib; sourceTree = "<group>"; };
		04A0DA852292E03A005F02F3 /* AddressTableViewCell.swift */ = {isa = PBXFileReference; lastKnownFileType = sourcecode.swift; path = AddressTableViewCell.swift; sourceTree = "<group>"; };
		04A0DA862292E03A005F02F3 /* AddressTableViewCell.xib */ = {isa = PBXFileReference; lastKnownFileType = file.xib; path = AddressTableViewCell.xib; sourceTree = "<group>"; };
		04A0DA89229387F0005F02F3 /* AddNewAddressViewController.swift */ = {isa = PBXFileReference; lastKnownFileType = sourcecode.swift; path = AddNewAddressViewController.swift; sourceTree = "<group>"; };
		04A0DA8B22938857005F02F3 /* NewAddressView.swift */ = {isa = PBXFileReference; lastKnownFileType = sourcecode.swift; path = NewAddressView.swift; sourceTree = "<group>"; };
		04A0DA8D22938871005F02F3 /* NewAddressView.xib */ = {isa = PBXFileReference; lastKnownFileType = file.xib; path = NewAddressView.xib; sourceTree = "<group>"; };
		04A0DA9222939ED8005F02F3 /* ShoppingCartViewController.swift */ = {isa = PBXFileReference; lastKnownFileType = sourcecode.swift; path = ShoppingCartViewController.swift; sourceTree = "<group>"; };
		04A0DA9422939F7E005F02F3 /* ShoppingCartCell.swift */ = {isa = PBXFileReference; lastKnownFileType = sourcecode.swift; path = ShoppingCartCell.swift; sourceTree = "<group>"; };
		04A0DA9522939F7E005F02F3 /* ShoppingCartCell.xib */ = {isa = PBXFileReference; lastKnownFileType = file.xib; path = ShoppingCartCell.xib; sourceTree = "<group>"; };
		04A0DA982293E368005F02F3 /* OrderTopView.swift */ = {isa = PBXFileReference; lastKnownFileType = sourcecode.swift; path = OrderTopView.swift; sourceTree = "<group>"; };
		04A0DA9A2293EB82005F02F3 /* OrderTableViewCell.swift */ = {isa = PBXFileReference; lastKnownFileType = sourcecode.swift; path = OrderTableViewCell.swift; sourceTree = "<group>"; };
		04A0DA9B2293EB82005F02F3 /* OrderTableViewCell.xib */ = {isa = PBXFileReference; lastKnownFileType = file.xib; path = OrderTableViewCell.xib; sourceTree = "<group>"; };
		04F5265A228D3E940019417D /* ZhenMeiWei.app */ = {isa = PBXFileReference; explicitFileType = wrapper.application; includeInIndex = 0; path = ZhenMeiWei.app; sourceTree = BUILT_PRODUCTS_DIR; };
		04F5265D228D3E940019417D /* AppDelegate.swift */ = {isa = PBXFileReference; lastKnownFileType = sourcecode.swift; path = AppDelegate.swift; sourceTree = "<group>"; };
		04F5265F228D3E940019417D /* HomeViewController.swift */ = {isa = PBXFileReference; lastKnownFileType = sourcecode.swift; path = HomeViewController.swift; sourceTree = "<group>"; };
		04F52662228D3E940019417D /* Base */ = {isa = PBXFileReference; lastKnownFileType = file.storyboard; name = Base; path = Base.lproj/Main.storyboard; sourceTree = "<group>"; };
		04F52664228D3E950019417D /* Assets.xcassets */ = {isa = PBXFileReference; lastKnownFileType = folder.assetcatalog; path = Assets.xcassets; sourceTree = "<group>"; };
		04F52667228D3E950019417D /* Base */ = {isa = PBXFileReference; lastKnownFileType = file.storyboard; name = Base; path = Base.lproj/LaunchScreen.storyboard; sourceTree = "<group>"; };
		04F52669228D3E950019417D /* Info.plist */ = {isa = PBXFileReference; lastKnownFileType = text.plist.xml; path = Info.plist; sourceTree = "<group>"; };
		04F5268C228D5A260019417D /* Common.swift */ = {isa = PBXFileReference; fileEncoding = 4; lastKnownFileType = sourcecode.swift; path = Common.swift; sourceTree = "<group>"; };
		04F5268E228D5A2C0019417D /* UIColor+HexColor.swift */ = {isa = PBXFileReference; fileEncoding = 4; lastKnownFileType = sourcecode.swift; path = "UIColor+HexColor.swift"; sourceTree = "<group>"; };
		04F52691228D694B0019417D /* BasicNavigationController.swift */ = {isa = PBXFileReference; lastKnownFileType = sourcecode.swift; path = BasicNavigationController.swift; sourceTree = "<group>"; };
		04F52694228D6CAF0019417D /* OrderViewController.swift */ = {isa = PBXFileReference; lastKnownFileType = sourcecode.swift; path = OrderViewController.swift; sourceTree = "<group>"; };
		04F52696228D6CE70019417D /* MeViewController.swift */ = {isa = PBXFileReference; lastKnownFileType = sourcecode.swift; path = MeViewController.swift; sourceTree = "<group>"; };
		04F52698228D6D510019417D /* TabBarViewController.swift */ = {isa = PBXFileReference; lastKnownFileType = sourcecode.swift; path = TabBarViewController.swift; sourceTree = "<group>"; };
		04F526AD228EB8AF0019417D /* StoreTableViewCell.swift */ = {isa = PBXFileReference; lastKnownFileType = sourcecode.swift; path = StoreTableViewCell.swift; sourceTree = "<group>"; };
		04F526AE228EB8AF0019417D /* StoreTableViewCell.xib */ = {isa = PBXFileReference; lastKnownFileType = file.xib; path = StoreTableViewCell.xib; sourceTree = "<group>"; };
		04F526B1228EBEAE0019417D /* DiscountView.swift */ = {isa = PBXFileReference; lastKnownFileType = sourcecode.swift; path = DiscountView.swift; sourceTree = "<group>"; };
		04F526B3228EBEC90019417D /* DiscountView.xib */ = {isa = PBXFileReference; lastKnownFileType = file.xib; path = DiscountView.xib; sourceTree = "<group>"; };
		04F526B5228EC7870019417D /* NibloadProtocol.swift */ = {isa = PBXFileReference; lastKnownFileType = sourcecode.swift; path = NibloadProtocol.swift; sourceTree = "<group>"; };
		0A5EBCC12292AEEF00AA414F /* FAPIServices.swift */ = {isa = PBXFileReference; lastKnownFileType = sourcecode.swift; path = FAPIServices.swift; sourceTree = "<group>"; };
		0A5EBCC32292AFB400AA414F /* Global.swift */ = {isa = PBXFileReference; lastKnownFileType = sourcecode.swift; path = Global.swift; sourceTree = "<group>"; };
		0A5EBCC52292B2E600AA414F /* FAPIResponseModels.swift */ = {isa = PBXFileReference; lastKnownFileType = sourcecode.swift; path = FAPIResponseModels.swift; sourceTree = "<group>"; };
		0A5EBCC72292BA7D00AA414F /* FAPIToken.swift */ = {isa = PBXFileReference; lastKnownFileType = sourcecode.swift; path = FAPIToken.swift; sourceTree = "<group>"; };
		0A5EBCC92292BAC900AA414F /* FAPIUserServices.swift */ = {isa = PBXFileReference; lastKnownFileType = sourcecode.swift; path = FAPIUserServices.swift; sourceTree = "<group>"; };
		0A5EBCCB2292BB3800AA414F /* FAPIUser.swift */ = {isa = PBXFileReference; lastKnownFileType = sourcecode.swift; path = FAPIUser.swift; sourceTree = "<group>"; };
		0A5EBCCF2292CE5200AA414F /* ChooseAddressViewController.swift */ = {isa = PBXFileReference; fileEncoding = 4; lastKnownFileType = sourcecode.swift; path = ChooseAddressViewController.swift; sourceTree = "<group>"; };
		0A5EBCD12292CE5200AA414F /* AddressHeaderView.swift */ = {isa = PBXFileReference; fileEncoding = 4; lastKnownFileType = sourcecode.swift; path = AddressHeaderView.swift; sourceTree = "<group>"; };
		0A5EBCD42292CE5F00AA414F /* SectionHeaderView.swift */ = {isa = PBXFileReference; fileEncoding = 4; lastKnownFileType = sourcecode.swift; path = SectionHeaderView.swift; sourceTree = "<group>"; };
		0A5EBCD52292CE5F00AA414F /* SectionHeaderView.xib */ = {isa = PBXFileReference; fileEncoding = 4; lastKnownFileType = file.xib; path = SectionHeaderView.xib; sourceTree = "<group>"; };
		2CBECFA33FC4515F9FC2EBC0 /* Pods_ZhenMeiWeiUITests.framework */ = {isa = PBXFileReference; explicitFileType = wrapper.framework; includeInIndex = 0; path = Pods_ZhenMeiWeiUITests.framework; sourceTree = BUILT_PRODUCTS_DIR; };
		3AE908EB8A3AD3F6212B1758 /* Pods_ZhenMeiWei.framework */ = {isa = PBXFileReference; explicitFileType = wrapper.framework; includeInIndex = 0; path = Pods_ZhenMeiWei.framework; sourceTree = BUILT_PRODUCTS_DIR; };
		52B7960B74977408BCFCC7CF /* Pods-ZhenMeiWei.debug.xcconfig */ = {isa = PBXFileReference; includeInIndex = 1; lastKnownFileType = text.xcconfig; name = "Pods-ZhenMeiWei.debug.xcconfig"; path = "Target Support Files/Pods-ZhenMeiWei/Pods-ZhenMeiWei.debug.xcconfig"; sourceTree = "<group>"; };
		BAA75504E2C7ED91E9FFDAD8 /* Pods-ZhenMeiWei.release.xcconfig */ = {isa = PBXFileReference; includeInIndex = 1; lastKnownFileType = text.xcconfig; name = "Pods-ZhenMeiWei.release.xcconfig"; path = "Target Support Files/Pods-ZhenMeiWei/Pods-ZhenMeiWei.release.xcconfig"; sourceTree = "<group>"; };
/* End PBXFileReference section */

/* Begin PBXFrameworksBuildPhase section */
		04F52657228D3E940019417D /* Frameworks */ = {
			isa = PBXFrameworksBuildPhase;
			buildActionMask = 2147483647;
			files = (
				8D90AE1028C168F0E1941D07 /* Pods_ZhenMeiWei.framework in Frameworks */,
			);
			runOnlyForDeploymentPostprocessing = 0;
		};
/* End PBXFrameworksBuildPhase section */

/* Begin PBXGroup section */
		04A0DA8F22939E55005F02F3 /* ShoppingCartControllerView */ = {
			isa = PBXGroup;
			children = (
				04A0DA9122939EA6005F02F3 /* Controller */,
				04A0DA9022939EA2005F02F3 /* View */,
			);
			path = ShoppingCartControllerView;
			sourceTree = "<group>";
		};
		04A0DA9022939EA2005F02F3 /* View */ = {
			isa = PBXGroup;
			children = (
				04A0DA9422939F7E005F02F3 /* ShoppingCartCell.swift */,
				04A0DA9522939F7E005F02F3 /* ShoppingCartCell.xib */,
			);
			path = View;
			sourceTree = "<group>";
		};
		04A0DA9122939EA6005F02F3 /* Controller */ = {
			isa = PBXGroup;
			children = (
				04A0DA9222939ED8005F02F3 /* ShoppingCartViewController.swift */,
			);
			path = Controller;
			sourceTree = "<group>";
		};
		04F52651228D3E940019417D = {
			isa = PBXGroup;
			children = (
				04F5265C228D3E940019417D /* ZhenMeiWei */,
				04F5265B228D3E940019417D /* Products */,
				2EA24E49B28637109909FDDF /* Pods */,
				337C4FFE3F20CF28B8862945 /* Frameworks */,
			);
			sourceTree = "<group>";
		};
		04F5265B228D3E940019417D /* Products */ = {
			isa = PBXGroup;
			children = (
				04F5265A228D3E940019417D /* ZhenMeiWei.app */,
			);
			name = Products;
			sourceTree = "<group>";
		};
		04F5265C228D3E940019417D /* ZhenMeiWei */ = {
			isa = PBXGroup;
			children = (
				0A5EBCBE2292AD3A00AA414F /* FAPI */,
				04F5269D228D753A0019417D /* Tools */,
				04F52690228D68EC0019417D /* Basic */,
				04F52693228D6C610019417D /* TabVC */,
				04F5268B228D59E20019417D /* Category */,
				04F5265D228D3E940019417D /* AppDelegate.swift */,
				04F52661228D3E940019417D /* Main.storyboard */,
				04F52664228D3E950019417D /* Assets.xcassets */,
				04F52666228D3E950019417D /* LaunchScreen.storyboard */,
				04F52669228D3E950019417D /* Info.plist */,
				0A5EBCC32292AFB400AA414F /* Global.swift */,
			);
			path = ZhenMeiWei;
			sourceTree = "<group>";
		};
		04F5268B228D59E20019417D /* Category */ = {
			isa = PBXGroup;
			children = (
				04F5268E228D5A2C0019417D /* UIColor+HexColor.swift */,
				04F5268C228D5A260019417D /* Common.swift */,
			);
			path = Category;
			sourceTree = "<group>";
		};
		04F52690228D68EC0019417D /* Basic */ = {
			isa = PBXGroup;
			children = (
				04F52691228D694B0019417D /* BasicNavigationController.swift */,
				04F52698228D6D510019417D /* TabBarViewController.swift */,
			);
			path = Basic;
			sourceTree = "<group>";
		};
		04F52693228D6C610019417D /* TabVC */ = {
			isa = PBXGroup;
			children = (
				04A0DA8F22939E55005F02F3 /* ShoppingCartControllerView */,
				0A5EBCCD2292CE5200AA414F /* AddressVC */,
				04F5269A228D74F70019417D /* HomeVC */,
				04F5269B228D75000019417D /* OrderVC */,
				04F5269C228D750A0019417D /* MeVC */,
			);
			path = TabVC;
			sourceTree = "<group>";
		};
		04F5269A228D74F70019417D /* HomeVC */ = {
			isa = PBXGroup;
			children = (
				04F526A0228E8D590019417D /* Controller */,
				04F526A1228E8D660019417D /* View */,
				04F526A2228E8D6D0019417D /* Model */,
			);
			path = HomeVC;
			sourceTree = "<group>";
		};
		04F5269B228D75000019417D /* OrderVC */ = {
			isa = PBXGroup;
			children = (
				04F526A5228E8D960019417D /* Controller */,
				04F526A4228E8D8D0019417D /* View */,
				04F526A3228E8D870019417D /* Model */,
			);
			path = OrderVC;
			sourceTree = "<group>";
		};
		04F5269C228D750A0019417D /* MeVC */ = {
			isa = PBXGroup;
			children = (
				04F526A8228E8DC40019417D /* Controller */,
				04F526A7228E8DBD0019417D /* View */,
				04F526A6228E8DB70019417D /* Model */,
			);
			path = MeVC;
			sourceTree = "<group>";
		};
		04F5269D228D753A0019417D /* Tools */ = {
			isa = PBXGroup;
			children = (
				04F526B5228EC7870019417D /* NibloadProtocol.swift */,
			);
			path = Tools;
			sourceTree = "<group>";
		};
		04F526A0228E8D590019417D /* Controller */ = {
			isa = PBXGroup;
			children = (
				04F5265F228D3E940019417D /* HomeViewController.swift */,
			);
			path = Controller;
			sourceTree = "<group>";
		};
		04F526A1228E8D660019417D /* View */ = {
			isa = PBXGroup;
			children = (
				0A5EBCD42292CE5F00AA414F /* SectionHeaderView.swift */,
				0A5EBCD52292CE5F00AA414F /* SectionHeaderView.xib */,
				04F526AD228EB8AF0019417D /* StoreTableViewCell.swift */,
				04F526AE228EB8AF0019417D /* StoreTableViewCell.xib */,
				04F526B1228EBEAE0019417D /* DiscountView.swift */,
				04F526B3228EBEC90019417D /* DiscountView.xib */,
			);
			path = View;
			sourceTree = "<group>";
		};
		04F526A2228E8D6D0019417D /* Model */ = {
			isa = PBXGroup;
			children = (
			);
			path = Model;
			sourceTree = "<group>";
		};
		04F526A3228E8D870019417D /* Model */ = {
			isa = PBXGroup;
			children = (
			);
			path = Model;
			sourceTree = "<group>";
		};
		04F526A4228E8D8D0019417D /* View */ = {
			isa = PBXGroup;
			children = (
				04A0DA982293E368005F02F3 /* OrderTopView.swift */,
				04A0DA9A2293EB82005F02F3 /* OrderTableViewCell.swift */,
				04A0DA9B2293EB82005F02F3 /* OrderTableViewCell.xib */,
			);
			path = View;
			sourceTree = "<group>";
		};
		04F526A5228E8D960019417D /* Controller */ = {
			isa = PBXGroup;
			children = (
				04F52694228D6CAF0019417D /* OrderViewController.swift */,
			);
			path = Controller;
			sourceTree = "<group>";
		};
		04F526A6228E8DB70019417D /* Model */ = {
			isa = PBXGroup;
			children = (
			);
			path = Model;
			sourceTree = "<group>";
		};
		04F526A7228E8DBD0019417D /* View */ = {
			isa = PBXGroup;
			children = (
			);
			path = View;
			sourceTree = "<group>";
		};
		04F526A8228E8DC40019417D /* Controller */ = {
			isa = PBXGroup;
			children = (
				04F52696228D6CE70019417D /* MeViewController.swift */,
			);
			path = Controller;
			sourceTree = "<group>";
		};
		0A5EBCBE2292AD3A00AA414F /* FAPI */ = {
			isa = PBXGroup;
			children = (
				0A5EBCC02292AE8D00AA414F /* Services */,
				0A5EBCBF2292AE7B00AA414F /* Models */,
			);
			path = FAPI;
			sourceTree = "<group>";
		};
		0A5EBCBF2292AE7B00AA414F /* Models */ = {
			isa = PBXGroup;
			children = (
				0A5EBCC52292B2E600AA414F /* FAPIResponseModels.swift */,
				0A5EBCC72292BA7D00AA414F /* FAPIToken.swift */,
				0A5EBCCB2292BB3800AA414F /* FAPIUser.swift */,
			);
			path = Models;
			sourceTree = "<group>";
		};
		0A5EBCC02292AE8D00AA414F /* Services */ = {
			isa = PBXGroup;
			children = (
				0A5EBCC12292AEEF00AA414F /* FAPIServices.swift */,
				0A5EBCC92292BAC900AA414F /* FAPIUserServices.swift */,
			);
			path = Services;
			sourceTree = "<group>";
		};
		0A5EBCCD2292CE5200AA414F /* AddressVC */ = {
			isa = PBXGroup;
			children = (
				0A5EBCCE2292CE5200AA414F /* Controller */,
				0A5EBCD02292CE5200AA414F /* View */,
			);
			path = AddressVC;
			sourceTree = "<group>";
		};
		0A5EBCCE2292CE5200AA414F /* Controller */ = {
			isa = PBXGroup;
			children = (
				0A5EBCCF2292CE5200AA414F /* ChooseAddressViewController.swift */,
				04A0DA89229387F0005F02F3 /* AddNewAddressViewController.swift */,
			);
			path = Controller;
			sourceTree = "<group>";
		};
		0A5EBCD02292CE5200AA414F /* View */ = {
			isa = PBXGroup;
			children = (
				0A5EBCD12292CE5200AA414F /* AddressHeaderView.swift */,
				04A0DA812292D71D005F02F3 /* CurrentPositionView.swift */,
				04A0DA832292D72B005F02F3 /* CurrentPositionView.xib */,
				04A0DA852292E03A005F02F3 /* AddressTableViewCell.swift */,
				04A0DA862292E03A005F02F3 /* AddressTableViewCell.xib */,
				04A0DA8B22938857005F02F3 /* NewAddressView.swift */,
				04A0DA8D22938871005F02F3 /* NewAddressView.xib */,
			);
			path = View;
			sourceTree = "<group>";
		};
		2EA24E49B28637109909FDDF /* Pods */ = {
			isa = PBXGroup;
			children = (
				52B7960B74977408BCFCC7CF /* Pods-ZhenMeiWei.debug.xcconfig */,
				BAA75504E2C7ED91E9FFDAD8 /* Pods-ZhenMeiWei.release.xcconfig */,
			);
			path = Pods;
			sourceTree = "<group>";
		};
		337C4FFE3F20CF28B8862945 /* Frameworks */ = {
			isa = PBXGroup;
			children = (
				3AE908EB8A3AD3F6212B1758 /* Pods_ZhenMeiWei.framework */,
				01E9C21BCA49D8998814A08A /* Pods_ZhenMeiWeiTests.framework */,
				2CBECFA33FC4515F9FC2EBC0 /* Pods_ZhenMeiWeiUITests.framework */,
			);
			name = Frameworks;
			sourceTree = "<group>";
		};
/* End PBXGroup section */

/* Begin PBXNativeTarget section */
		04F52659228D3E940019417D /* ZhenMeiWei */ = {
			isa = PBXNativeTarget;
			buildConfigurationList = 04F52682228D3E950019417D /* Build configuration list for PBXNativeTarget "ZhenMeiWei" */;
			buildPhases = (
				835584DF51037F5A37146F2D /* [CP] Check Pods Manifest.lock */,
				04F52656228D3E940019417D /* Sources */,
				04F52657228D3E940019417D /* Frameworks */,
				04F52658228D3E940019417D /* Resources */,
				C571C463F1911E501384E9D2 /* [CP] Embed Pods Frameworks */,
			);
			buildRules = (
			);
			dependencies = (
			);
			name = ZhenMeiWei;
			productName = ZhenMeiWei;
			productReference = 04F5265A228D3E940019417D /* ZhenMeiWei.app */;
			productType = "com.apple.product-type.application";
		};
/* End PBXNativeTarget section */

/* Begin PBXProject section */
		04F52652228D3E940019417D /* Project object */ = {
			isa = PBXProject;
			attributes = {
				LastSwiftUpdateCheck = 1010;
				LastUpgradeCheck = 1010;
				ORGANIZATIONNAME = mac;
				TargetAttributes = {
					04F52659228D3E940019417D = {
						CreatedOnToolsVersion = 10.1;
					};
				};
			};
			buildConfigurationList = 04F52655228D3E940019417D /* Build configuration list for PBXProject "ZhenMeiWei" */;
			compatibilityVersion = "Xcode 9.3";
			developmentRegion = en;
			hasScannedForEncodings = 0;
			knownRegions = (
				en,
				Base,
			);
			mainGroup = 04F52651228D3E940019417D;
			productRefGroup = 04F5265B228D3E940019417D /* Products */;
			projectDirPath = "";
			projectRoot = "";
			targets = (
				04F52659228D3E940019417D /* ZhenMeiWei */,
			);
		};
/* End PBXProject section */

/* Begin PBXResourcesBuildPhase section */
		04F52658228D3E940019417D /* Resources */ = {
			isa = PBXResourcesBuildPhase;
			buildActionMask = 2147483647;
			files = (
				04A0DA8E22938871005F02F3 /* NewAddressView.xib in Resources */,
				04F526B4228EBEC90019417D /* DiscountView.xib in Resources */,
				0A5EBCD72292CE5F00AA414F /* SectionHeaderView.xib in Resources */,
				04A0DA882292E03A005F02F3 /* AddressTableViewCell.xib in Resources */,
				04A0DA9D2293EB82005F02F3 /* OrderTableViewCell.xib in Resources */,
				04F52668228D3E950019417D /* LaunchScreen.storyboard in Resources */,
				04F526B0228EB8AF0019417D /* StoreTableViewCell.xib in Resources */,
				04F52665228D3E950019417D /* Assets.xcassets in Resources */,
				04A0DA9722939F7E005F02F3 /* ShoppingCartCell.xib in Resources */,
				04A0DA842292D72B005F02F3 /* CurrentPositionView.xib in Resources */,
				04F52663228D3E940019417D /* Main.storyboard in Resources */,
			);
			runOnlyForDeploymentPostprocessing = 0;
		};
/* End PBXResourcesBuildPhase section */

/* Begin PBXShellScriptBuildPhase section */
		835584DF51037F5A37146F2D /* [CP] Check Pods Manifest.lock */ = {
			isa = PBXShellScriptBuildPhase;
			buildActionMask = 2147483647;
			files = (
			);
			inputFileListPaths = (
			);
			inputPaths = (
				"${PODS_PODFILE_DIR_PATH}/Podfile.lock",
				"${PODS_ROOT}/Manifest.lock",
			);
			name = "[CP] Check Pods Manifest.lock";
			outputFileListPaths = (
			);
			outputPaths = (
				"$(DERIVED_FILE_DIR)/Pods-ZhenMeiWei-checkManifestLockResult.txt",
			);
			runOnlyForDeploymentPostprocessing = 0;
			shellPath = /bin/sh;
			shellScript = "diff \"${PODS_PODFILE_DIR_PATH}/Podfile.lock\" \"${PODS_ROOT}/Manifest.lock\" > /dev/null\nif [ $? != 0 ] ; then\n    # print error to STDERR\n    echo \"error: The sandbox is not in sync with the Podfile.lock. Run 'pod install' or update your CocoaPods installation.\" >&2\n    exit 1\nfi\n# This output is used by Xcode 'outputs' to avoid re-running this script phase.\necho \"SUCCESS\" > \"${SCRIPT_OUTPUT_FILE_0}\"\n";
			showEnvVarsInLog = 0;
		};
		C571C463F1911E501384E9D2 /* [CP] Embed Pods Frameworks */ = {
			isa = PBXShellScriptBuildPhase;
			buildActionMask = 2147483647;
			files = (
			);
			inputFileListPaths = (
			);
			inputPaths = (
				"${PODS_ROOT}/Target Support Files/Pods-ZhenMeiWei/Pods-ZhenMeiWei-frameworks.sh",
				"${BUILT_PRODUCTS_DIR}/AFNetworking/AFNetworking.framework",
				"${BUILT_PRODUCTS_DIR}/Alamofire/Alamofire.framework",
				"${BUILT_PRODUCTS_DIR}/Kingfisher/Kingfisher.framework",
				"${BUILT_PRODUCTS_DIR}/LLCycleScrollView/LLCycleScrollView.framework",
				"${BUILT_PRODUCTS_DIR}/MBProgressHUD/MBProgressHUD.framework",
				"${BUILT_PRODUCTS_DIR}/MJRefresh/MJRefresh.framework",
				"${BUILT_PRODUCTS_DIR}/Moya/Moya.framework",
				"${BUILT_PRODUCTS_DIR}/Result/Result.framework",
				"${BUILT_PRODUCTS_DIR}/SnapKit/SnapKit.framework",
				"${BUILT_PRODUCTS_DIR}/SwiftyJSON/SwiftyJSON.framework",
			);
			name = "[CP] Embed Pods Frameworks";
			outputFileListPaths = (
			);
			outputPaths = (
				"${TARGET_BUILD_DIR}/${FRAMEWORKS_FOLDER_PATH}/AFNetworking.framework",
				"${TARGET_BUILD_DIR}/${FRAMEWORKS_FOLDER_PATH}/Alamofire.framework",
				"${TARGET_BUILD_DIR}/${FRAMEWORKS_FOLDER_PATH}/Kingfisher.framework",
				"${TARGET_BUILD_DIR}/${FRAMEWORKS_FOLDER_PATH}/LLCycleScrollView.framework",
				"${TARGET_BUILD_DIR}/${FRAMEWORKS_FOLDER_PATH}/MBProgressHUD.framework",
				"${TARGET_BUILD_DIR}/${FRAMEWORKS_FOLDER_PATH}/MJRefresh.framework",
				"${TARGET_BUILD_DIR}/${FRAMEWORKS_FOLDER_PATH}/Moya.framework",
				"${TARGET_BUILD_DIR}/${FRAMEWORKS_FOLDER_PATH}/Result.framework",
				"${TARGET_BUILD_DIR}/${FRAMEWORKS_FOLDER_PATH}/SnapKit.framework",
				"${TARGET_BUILD_DIR}/${FRAMEWORKS_FOLDER_PATH}/SwiftyJSON.framework",
			);
			runOnlyForDeploymentPostprocessing = 0;
			shellPath = /bin/sh;
			shellScript = "\"${PODS_ROOT}/Target Support Files/Pods-ZhenMeiWei/Pods-ZhenMeiWei-frameworks.sh\"\n";
			showEnvVarsInLog = 0;
		};
/* End PBXShellScriptBuildPhase section */

/* Begin PBXSourcesBuildPhase section */
		04F52656228D3E940019417D /* Sources */ = {
			isa = PBXSourcesBuildPhase;
			buildActionMask = 2147483647;
			files = (
				0A5EBCD22292CE5200AA414F /* ChooseAddressViewController.swift in Sources */,
				0A5EBCC62292B2E600AA414F /* FAPIResponseModels.swift in Sources */,
				04A0DA992293E368005F02F3 /* OrderTopView.swift in Sources */,
				04F52699228D6D510019417D /* TabBarViewController.swift in Sources */,
				04F52692228D694B0019417D /* BasicNavigationController.swift in Sources */,
				04A0DA9322939ED8005F02F3 /* ShoppingCartViewController.swift in Sources */,
				0A5EBCCC2292BB3800AA414F /* FAPIUser.swift in Sources */,
				04F52697228D6CE70019417D /* MeViewController.swift in Sources */,
				0A5EBCCA2292BAC900AA414F /* FAPIUserServices.swift in Sources */,
				0A5EBCD62292CE5F00AA414F /* SectionHeaderView.swift in Sources */,
				04A0DA9C2293EB82005F02F3 /* OrderTableViewCell.swift in Sources */,
				04F526B2228EBEAE0019417D /* DiscountView.swift in Sources */,
				04F526B6228EC7870019417D /* NibloadProtocol.swift in Sources */,
				04A0DA8C22938857005F02F3 /* NewAddressView.swift in Sources */,
				0A5EBCC42292AFB400AA414F /* Global.swift in Sources */,
				0A5EBCC82292BA7D00AA414F /* FAPIToken.swift in Sources */,
				04F52660228D3E940019417D /* HomeViewController.swift in Sources */,
				04A0DA8A229387F0005F02F3 /* AddNewAddressViewController.swift in Sources */,
				0A5EBCD32292CE5200AA414F /* AddressHeaderView.swift in Sources */,
				04F5268F228D5A2C0019417D /* UIColor+HexColor.swift in Sources */,
				04F5268D228D5A260019417D /* Common.swift in Sources */,
				04A0DA872292E03A005F02F3 /* AddressTableViewCell.swift in Sources */,
				04F5265E228D3E940019417D /* AppDelegate.swift in Sources */,
				04A0DA9622939F7E005F02F3 /* ShoppingCartCell.swift in Sources */,
				04A0DA822292D71D005F02F3 /* CurrentPositionView.swift in Sources */,
				0A5EBCC22292AEEF00AA414F /* FAPIServices.swift in Sources */,
				04F52695228D6CAF0019417D /* OrderViewController.swift in Sources */,
				04F526AF228EB8AF0019417D /* StoreTableViewCell.swift in Sources */,
			);
			runOnlyForDeploymentPostprocessing = 0;
		};
/* End PBXSourcesBuildPhase section */

/* Begin PBXVariantGroup section */
		04F52661228D3E940019417D /* Main.storyboard */ = {
			isa = PBXVariantGroup;
			children = (
				04F52662228D3E940019417D /* Base */,
			);
			name = Main.storyboard;
			sourceTree = "<group>";
		};
		04F52666228D3E950019417D /* LaunchScreen.storyboard */ = {
			isa = PBXVariantGroup;
			children = (
				04F52667228D3E950019417D /* Base */,
			);
			name = LaunchScreen.storyboard;
			sourceTree = "<group>";
		};
/* End PBXVariantGroup section */

/* Begin XCBuildConfiguration section */
		04F52680228D3E950019417D /* Debug */ = {
			isa = XCBuildConfiguration;
			buildSettings = {
				ALWAYS_SEARCH_USER_PATHS = NO;
				CLANG_ANALYZER_NONNULL = YES;
				CLANG_ANALYZER_NUMBER_OBJECT_CONVERSION = YES_AGGRESSIVE;
				CLANG_CXX_LANGUAGE_STANDARD = "gnu++14";
				CLANG_CXX_LIBRARY = "libc++";
				CLANG_ENABLE_MODULES = YES;
				CLANG_ENABLE_OBJC_ARC = YES;
				CLANG_ENABLE_OBJC_WEAK = YES;
				CLANG_WARN_BLOCK_CAPTURE_AUTORELEASING = YES;
				CLANG_WARN_BOOL_CONVERSION = YES;
				CLANG_WARN_COMMA = YES;
				CLANG_WARN_CONSTANT_CONVERSION = YES;
				CLANG_WARN_DEPRECATED_OBJC_IMPLEMENTATIONS = YES;
				CLANG_WARN_DIRECT_OBJC_ISA_USAGE = YES_ERROR;
				CLANG_WARN_DOCUMENTATION_COMMENTS = YES;
				CLANG_WARN_EMPTY_BODY = YES;
				CLANG_WARN_ENUM_CONVERSION = YES;
				CLANG_WARN_INFINITE_RECURSION = YES;
				CLANG_WARN_INT_CONVERSION = YES;
				CLANG_WARN_NON_LITERAL_NULL_CONVERSION = YES;
				CLANG_WARN_OBJC_IMPLICIT_RETAIN_SELF = YES;
				CLANG_WARN_OBJC_LITERAL_CONVERSION = YES;
				CLANG_WARN_OBJC_ROOT_CLASS = YES_ERROR;
				CLANG_WARN_RANGE_LOOP_ANALYSIS = YES;
				CLANG_WARN_STRICT_PROTOTYPES = YES;
				CLANG_WARN_SUSPICIOUS_MOVE = YES;
				CLANG_WARN_UNGUARDED_AVAILABILITY = YES_AGGRESSIVE;
				CLANG_WARN_UNREACHABLE_CODE = YES;
				CLANG_WARN__DUPLICATE_METHOD_MATCH = YES;
				CODE_SIGN_IDENTITY = "iPhone Developer";
				COPY_PHASE_STRIP = NO;
				DEBUG_INFORMATION_FORMAT = dwarf;
				ENABLE_STRICT_OBJC_MSGSEND = YES;
				ENABLE_TESTABILITY = YES;
				GCC_C_LANGUAGE_STANDARD = gnu11;
				GCC_DYNAMIC_NO_PIC = NO;
				GCC_NO_COMMON_BLOCKS = YES;
				GCC_OPTIMIZATION_LEVEL = 0;
				GCC_PREPROCESSOR_DEFINITIONS = (
					"DEBUG=1",
					"$(inherited)",
				);
				GCC_WARN_64_TO_32_BIT_CONVERSION = YES;
				GCC_WARN_ABOUT_RETURN_TYPE = YES_ERROR;
				GCC_WARN_UNDECLARED_SELECTOR = YES;
				GCC_WARN_UNINITIALIZED_AUTOS = YES_AGGRESSIVE;
				GCC_WARN_UNUSED_FUNCTION = YES;
				GCC_WARN_UNUSED_VARIABLE = YES;
				IPHONEOS_DEPLOYMENT_TARGET = 12.1;
				MTL_ENABLE_DEBUG_INFO = INCLUDE_SOURCE;
				MTL_FAST_MATH = YES;
				ONLY_ACTIVE_ARCH = YES;
				SDKROOT = iphoneos;
				SWIFT_ACTIVE_COMPILATION_CONDITIONS = DEBUG;
				SWIFT_OPTIMIZATION_LEVEL = "-Onone";
			};
			name = Debug;
		};
		04F52681228D3E950019417D /* Release */ = {
			isa = XCBuildConfiguration;
			buildSettings = {
				ALWAYS_SEARCH_USER_PATHS = NO;
				CLANG_ANALYZER_NONNULL = YES;
				CLANG_ANALYZER_NUMBER_OBJECT_CONVERSION = YES_AGGRESSIVE;
				CLANG_CXX_LANGUAGE_STANDARD = "gnu++14";
				CLANG_CXX_LIBRARY = "libc++";
				CLANG_ENABLE_MODULES = YES;
				CLANG_ENABLE_OBJC_ARC = YES;
				CLANG_ENABLE_OBJC_WEAK = YES;
				CLANG_WARN_BLOCK_CAPTURE_AUTORELEASING = YES;
				CLANG_WARN_BOOL_CONVERSION = YES;
				CLANG_WARN_COMMA = YES;
				CLANG_WARN_CONSTANT_CONVERSION = YES;
				CLANG_WARN_DEPRECATED_OBJC_IMPLEMENTATIONS = YES;
				CLANG_WARN_DIRECT_OBJC_ISA_USAGE = YES_ERROR;
				CLANG_WARN_DOCUMENTATION_COMMENTS = YES;
				CLANG_WARN_EMPTY_BODY = YES;
				CLANG_WARN_ENUM_CONVERSION = YES;
				CLANG_WARN_INFINITE_RECURSION = YES;
				CLANG_WARN_INT_CONVERSION = YES;
				CLANG_WARN_NON_LITERAL_NULL_CONVERSION = YES;
				CLANG_WARN_OBJC_IMPLICIT_RETAIN_SELF = YES;
				CLANG_WARN_OBJC_LITERAL_CONVERSION = YES;
				CLANG_WARN_OBJC_ROOT_CLASS = YES_ERROR;
				CLANG_WARN_RANGE_LOOP_ANALYSIS = YES;
				CLANG_WARN_STRICT_PROTOTYPES = YES;
				CLANG_WARN_SUSPICIOUS_MOVE = YES;
				CLANG_WARN_UNGUARDED_AVAILABILITY = YES_AGGRESSIVE;
				CLANG_WARN_UNREACHABLE_CODE = YES;
				CLANG_WARN__DUPLICATE_METHOD_MATCH = YES;
				CODE_SIGN_IDENTITY = "iPhone Developer";
				COPY_PHASE_STRIP = NO;
				DEBUG_INFORMATION_FORMAT = "dwarf-with-dsym";
				ENABLE_NS_ASSERTIONS = NO;
				ENABLE_STRICT_OBJC_MSGSEND = YES;
				GCC_C_LANGUAGE_STANDARD = gnu11;
				GCC_NO_COMMON_BLOCKS = YES;
				GCC_WARN_64_TO_32_BIT_CONVERSION = YES;
				GCC_WARN_ABOUT_RETURN_TYPE = YES_ERROR;
				GCC_WARN_UNDECLARED_SELECTOR = YES;
				GCC_WARN_UNINITIALIZED_AUTOS = YES_AGGRESSIVE;
				GCC_WARN_UNUSED_FUNCTION = YES;
				GCC_WARN_UNUSED_VARIABLE = YES;
				IPHONEOS_DEPLOYMENT_TARGET = 12.1;
				MTL_ENABLE_DEBUG_INFO = NO;
				MTL_FAST_MATH = YES;
				SDKROOT = iphoneos;
				SWIFT_COMPILATION_MODE = wholemodule;
				SWIFT_OPTIMIZATION_LEVEL = "-O";
				VALIDATE_PRODUCT = YES;
			};
			name = Release;
		};
		04F52683228D3E950019417D /* Debug */ = {
			isa = XCBuildConfiguration;
			baseConfigurationReference = 52B7960B74977408BCFCC7CF /* Pods-ZhenMeiWei.debug.xcconfig */;
			buildSettings = {
				ASSETCATALOG_COMPILER_APPICON_NAME = AppIcon;
				CODE_SIGN_STYLE = Automatic;
				DEVELOPMENT_TEAM = 6L4S78C444;
				INFOPLIST_FILE = ZhenMeiWei/Info.plist;
				IPHONEOS_DEPLOYMENT_TARGET = 10.0;
				LD_RUNPATH_SEARCH_PATHS = (
					"$(inherited)",
					"@executable_path/Frameworks",
				);
				PRODUCT_BUNDLE_IDENTIFIER = com.ifhu.ZhenMeiWei;
				PRODUCT_NAME = "$(TARGET_NAME)";
				SWIFT_OBJC_BRIDGING_HEADER = "";
				SWIFT_VERSION = 4.2;
				TARGETED_DEVICE_FAMILY = 1;
			};
			name = Debug;
		};
		04F52684228D3E950019417D /* Release */ = {
			isa = XCBuildConfiguration;
			baseConfigurationReference = BAA75504E2C7ED91E9FFDAD8 /* Pods-ZhenMeiWei.release.xcconfig */;
			buildSettings = {
				ASSETCATALOG_COMPILER_APPICON_NAME = AppIcon;
				CODE_SIGN_STYLE = Automatic;
				DEVELOPMENT_TEAM = 6L4S78C444;
				INFOPLIST_FILE = ZhenMeiWei/Info.plist;
				IPHONEOS_DEPLOYMENT_TARGET = 10.0;
				LD_RUNPATH_SEARCH_PATHS = (
					"$(inherited)",
					"@executable_path/Frameworks",
				);
				PRODUCT_BUNDLE_IDENTIFIER = com.ifhu.ZhenMeiWei;
				PRODUCT_NAME = "$(TARGET_NAME)";
				SWIFT_OBJC_BRIDGING_HEADER = "";
				SWIFT_VERSION = 4.2;
				TARGETED_DEVICE_FAMILY = 1;
			};
			name = Release;
		};
/* End XCBuildConfiguration section */

/* Begin XCConfigurationList section */
		04F52655228D3E940019417D /* Build configuration list for PBXProject "ZhenMeiWei" */ = {
			isa = XCConfigurationList;
			buildConfigurations = (
				04F52680228D3E950019417D /* Debug */,
				04F52681228D3E950019417D /* Release */,
			);
			defaultConfigurationIsVisible = 0;
			defaultConfigurationName = Release;
		};
		04F52682228D3E950019417D /* Build configuration list for PBXNativeTarget "ZhenMeiWei" */ = {
			isa = XCConfigurationList;
			buildConfigurations = (
				04F52683228D3E950019417D /* Debug */,
				04F52684228D3E950019417D /* Release */,
			);
			defaultConfigurationIsVisible = 0;
			defaultConfigurationName = Release;
		};
/* End XCConfigurationList section */
	};
	rootObject = 04F52652228D3E940019417D /* Project object */;
}
